
Microsoft Visual Studio Solution File, Format Version 12.00
# Visual Studio Version 17
VisualStudioVersion = 17.1.32328.378
MinimumVisualStudioVersion = 10.0.40219.1
Project("{FAE04EC0-301F-11D3-BF4B-00C04F79EFBC}") = "task1_EF", "task1_EF\task1_EF.csproj", "{3652F1BA-126B-49ED-BCAA-AE744B97F238}"
EndProject
Project("{FAE04EC0-301F-11D3-BF4B-00C04F79EFBC}") = "thread", "thread\thread.csproj", "{BAC23DF7-8903-4EB4-98FB-CD8E6BB50411}"
EndProject
Global
	GlobalSection(SolutionConfigurationPlatforms) = preSolution
		Debug|Any CPU = Debug|Any CPU
		Release|Any CPU = Release|Any CPU
	EndGlobalSection
	GlobalSection(ProjectConfigurationPlatforms) = postSolution
		{3652F1BA-126B-49ED-BCAA-AE744B97F238}.Debug|Any CPU.ActiveCfg = Debug|Any CPU
		{3652F1BA-126B-49ED-BCAA-AE744B97F238}.Debug|Any CPU.Build.0 = Debug|Any CPU
		{3652F1BA-126B-49ED-BCAA-AE744B97F238}.Release|Any CPU.ActiveCfg = Release|Any CPU
		{3652F1BA-126B-49ED-BCAA-AE744B97F238}.Release|Any CPU.Build.0 = Release|Any CPU
		{BAC23DF7-8903-4EB4-98FB-CD8E6BB50411}.Debug|Any CPU.ActiveCfg = Debug|Any CPU
		{BAC23DF7-8903-4EB4-98FB-CD8E6BB50411}.Debug|Any CPU.Build.0 = Debug|Any CPU
		{BAC23DF7-8903-4EB4-98FB-CD8E6BB50411}.Release|Any CPU.ActiveCfg = Release|Any CPU
		{BAC23DF7-8903-4EB4-98FB-CD8E6BB50411}.Release|Any CPU.Build.0 = Release|Any CPU
	EndGlobalSection
	GlobalSection(SolutionProperties) = preSolution
		HideSolutionNode = FALSE
	EndGlobalSection
	GlobalSection(ExtensibilityGlobals) = postSolution
		SolutionGuid = {09B09145-718E-4339-88A0-3FC1E5F8E43F}
	EndGlobalSection
EndGlobal
